// !$*UTF8*$!
{
	archiveVersion = 1;
	classes = {
	};
	objectVersion = 48;
	objects = {

/* Begin PBXBuildFile section */
		D93E224820031E1A0031A891 /* AppDelegate.m in Sources */ = {isa = PBXBuildFile; fileRef = D93E224720031E1A0031A891 /* AppDelegate.m */; };
		D93E224B20031E1A0031A891 /* ViewController.m in Sources */ = {isa = PBXBuildFile; fileRef = D93E224A20031E1A0031A891 /* ViewController.m */; };
		D93E224E20031E1A0031A891 /* Main.storyboard in Resources */ = {isa = PBXBuildFile; fileRef = D93E224C20031E1A0031A891 /* Main.storyboard */; };
		D93E225020031E1A0031A891 /* Assets.xcassets in Resources */ = {isa = PBXBuildFile; fileRef = D93E224F20031E1A0031A891 /* Assets.xcassets */; };
		D93E225320031E1A0031A891 /* LaunchScreen.storyboard in Resources */ = {isa = PBXBuildFile; fileRef = D93E225120031E1A0031A891 /* LaunchScreen.storyboard */; };
		D93E225620031E1A0031A891 /* main.m in Sources */ = {isa = PBXBuildFile; fileRef = D93E225520031E1A0031A891 /* main.m */; };
		D93E226120031E8E0031A891 /* CQUserCenterViewController.m in Sources */ = {isa = PBXBuildFile; fileRef = D93E226020031E8E0031A891 /* CQUserCenterViewController.m */; };
		D93E226420031EFA0031A891 /* CQUserCenterCell.m in Sources */ = {isa = PBXBuildFile; fileRef = D93E226320031EFA0031A891 /* CQUserCenterCell.m */; };
		D93E2267200320250031A891 /* CQUserCenterCellModel.m in Sources */ = {isa = PBXBuildFile; fileRef = D93E2266200320250031A891 /* CQUserCenterCellModel.m */; };
		D9ACB5032004C37200EEEBE0 /* CQUserCenterCell+Util.m in Sources */ = {isa = PBXBuildFile; fileRef = D9ACB5022004C37200EEEBE0 /* CQUserCenterCell+Util.m */; };
/* End PBXBuildFile section */

/* Begin PBXFileReference section */
		D93E224320031E1A0031A891 /* UserCenter.app */ = {isa = PBXFileReference; explicitFileType = wrapper.application; includeInIndex = 0; path = UserCenter.app; sourceTree = BUILT_PRODUCTS_DIR; };
		D93E224620031E1A0031A891 /* AppDelegate.h */ = {isa = PBXFileReference; lastKnownFileType = sourcecode.c.h; path = AppDelegate.h; sourceTree = "<group>"; };
		D93E224720031E1A0031A891 /* AppDelegate.m */ = {isa = PBXFileReference; lastKnownFileType = sourcecode.c.objc; path = AppDelegate.m; sourceTree = "<group>"; };
		D93E224920031E1A0031A891 /* ViewController.h */ = {isa = PBXFileReference; lastKnownFileType = sourcecode.c.h; path = ViewController.h; sourceTree = "<group>"; };
		D93E224A20031E1A0031A891 /* ViewController.m */ = {isa = PBXFileReference; lastKnownFileType = sourcecode.c.objc; path = ViewController.m; sourceTree = "<group>"; };
		D93E224D20031E1A0031A891 /* Base */ = {isa = PBXFileReference; lastKnownFileType = file.storyboard; name = Base; path = Base.lproj/Main.storyboard; sourceTree = "<group>"; };
		D93E224F20031E1A0031A891 /* Assets.xcassets */ = {isa = PBXFileReference; lastKnownFileType = folder.assetcatalog; path = Assets.xcassets; sourceTree = "<group>"; };
		D93E225220031E1A0031A891 /* Base */ = {isa = PBXFileReference; lastKnownFileType = file.storyboard; name = Base; path = Base.lproj/LaunchScreen.storyboard; sourceTree = "<group>"; };
		D93E225420031E1A0031A891 /* Info.plist */ = {isa = PBXFileReference; lastKnownFileType = text.plist.xml; path = Info.plist; sourceTree = "<group>"; };
		D93E225520031E1A0031A891 /* main.m */ = {isa = PBXFileReference; lastKnownFileType = sourcecode.c.objc; path = main.m; sourceTree = "<group>"; };
		D93E225F20031E8E0031A891 /* CQUserCenterViewController.h */ = {isa = PBXFileReference; lastKnownFileType = sourcecode.c.h; path = CQUserCenterViewController.h; sourceTree = "<group>"; };
		D93E226020031E8E0031A891 /* CQUserCenterViewController.m */ = {isa = PBXFileReference; lastKnownFileType = sourcecode.c.objc; path = CQUserCenterViewController.m; sourceTree = "<group>"; };
		D93E226220031EFA0031A891 /* CQUserCenterCell.h */ = {isa = PBXFileReference; lastKnownFileType = sourcecode.c.h; path = CQUserCenterCell.h; sourceTree = "<group>"; };
		D93E226320031EFA0031A891 /* CQUserCenterCell.m */ = {isa = PBXFileReference; lastKnownFileType = sourcecode.c.objc; path = CQUserCenterCell.m; sourceTree = "<group>"; };
		D93E2265200320250031A891 /* CQUserCenterCellModel.h */ = {isa = PBXFileReference; lastKnownFileType = sourcecode.c.h; path = CQUserCenterCellModel.h; sourceTree = "<group>"; };
		D93E2266200320250031A891 /* CQUserCenterCellModel.m */ = {isa = PBXFileReference; lastKnownFileType = sourcecode.c.objc; path = CQUserCenterCellModel.m; sourceTree = "<group>"; };
		D9ACB5012004C37200EEEBE0 /* CQUserCenterCell+Util.h */ = {isa = PBXFileReference; lastKnownFileType = sourcecode.c.h; path = "CQUserCenterCell+Util.h"; sourceTree = "<group>"; };
		D9ACB5022004C37200EEEBE0 /* CQUserCenterCell+Util.m */ = {isa = PBXFileReference; lastKnownFileType = sourcecode.c.objc; path = "CQUserCenterCell+Util.m"; sourceTree = "<group>"; };
/* End PBXFileReference section */

/* Begin PBXFrameworksBuildPhase section */
		D93E224020031E1A0031A891 /* Frameworks */ = {
			isa = PBXFrameworksBuildPhase;
			buildActionMask = 2147483647;
			files = (
			);
			runOnlyForDeploymentPostprocessing = 0;
		};
/* End PBXFrameworksBuildPhase section */

/* Begin PBXGroup section */
		D93E223A20031E1A0031A891 = {
			isa = PBXGroup;
			children = (
				D93E224520031E1A0031A891 /* UserCenter */,
				D93E224420031E1A0031A891 /* Products */,
			);
			sourceTree = "<group>";
		};
		D93E224420031E1A0031A891 /* Products */ = {
			isa = PBXGroup;
			children = (
				D93E224320031E1A0031A891 /* UserCenter.app */,
			);
			name = Products;
			sourceTree = "<group>";
		};
		D93E224520031E1A0031A891 /* UserCenter */ = {
			isa = PBXGroup;
			children = (
				D93E225E20031E510031A891 /* Model */,
				D93E225D20031E4B0031A891 /* View */,
				D93E225C20031E430031A891 /* Controller */,
				D93E224620031E1A0031A891 /* AppDelegate.h */,
				D93E224720031E1A0031A891 /* AppDelegate.m */,
				D93E224920031E1A0031A891 /* ViewController.h */,
				D93E224A20031E1A0031A891 /* ViewController.m */,
				D93E224C20031E1A0031A891 /* Main.storyboard */,
				D93E224F20031E1A0031A891 /* Assets.xcassets */,
				D93E225120031E1A0031A891 /* LaunchScreen.storyboard */,
				D93E225420031E1A0031A891 /* Info.plist */,
				D93E225520031E1A0031A891 /* main.m */,
			);
			path = UserCenter;
			sourceTree = "<group>";
		};
		D93E225C20031E430031A891 /* Controller */ = {
			isa = PBXGroup;
			children = (
				D93E225F20031E8E0031A891 /* CQUserCenterViewController.h */,
				D93E226020031E8E0031A891 /* CQUserCenterViewController.m */,
			);
			path = Controller;
			sourceTree = "<group>";
		};
		D93E225D20031E4B0031A891 /* View */ = {
			isa = PBXGroup;
			children = (
				D93E226220031EFA0031A891 /* CQUserCenterCell.h */,
				D93E226320031EFA0031A891 /* CQUserCenterCell.m */,
				D9ACB5012004C37200EEEBE0 /* CQUserCenterCell+Util.h */,
				D9ACB5022004C37200EEEBE0 /* CQUserCenterCell+Util.m */,
			);
			path = View;
			sourceTree = "<group>";
		};
		D93E225E20031E510031A891 /* Model */ = {
			isa = PBXGroup;
			children = (
				D93E2265200320250031A891 /* CQUserCenterCellModel.h */,
				D93E2266200320250031A891 /* CQUserCenterCellModel.m */,
			);
			path = Model;
			sourceTree = "<group>";
		};
/* End PBXGroup section */

/* Begin PBXNativeTarget section */
		D93E224220031E1A0031A891 /* UserCenter */ = {
			isa = PBXNativeTarget;
			buildConfigurationList = D93E225920031E1A0031A891 /* Build configuration list for PBXNativeTarget "UserCenter" */;
			buildPhases = (
				D93E223F20031E1A0031A891 /* Sources */,
				D93E224020031E1A0031A891 /* Frameworks */,
				D93E224120031E1A0031A891 /* Resources */,
			);
			buildRules = (
			);
			dependencies = (
			);
			name = UserCenter;
			productName = UserCenter;
			productReference = D93E224320031E1A0031A891 /* UserCenter.app */;
			productType = "com.apple.product-type.application";
		};
/* End PBXNativeTarget section */

/* Begin PBXProject section */
		D93E223B20031E1A0031A891 /* Project object */ = {
			isa = PBXProject;
			attributes = {
				LastUpgradeCheck = 0900;
				ORGANIZATIONNAME = kuaijiankang;
				TargetAttributes = {
					D93E224220031E1A0031A891 = {
						CreatedOnToolsVersion = 9.0;
						ProvisioningStyle = Manual;
					};
				};
			};
			buildConfigurationList = D93E223E20031E1A0031A891 /* Build configuration list for PBXProject "UserCenter" */;
			compatibilityVersion = "Xcode 8.0";
			developmentRegion = en;
			hasScannedForEncodings = 0;
			knownRegions = (
				en,
				Base,
			);
			mainGroup = D93E223A20031E1A0031A891;
			productRefGroup = D93E224420031E1A0031A891 /* Products */;
			projectDirPath = "";
			projectRoot = "";
			targets = (
				D93E224220031E1A0031A891 /* UserCenter */,
			);
		};
/* End PBXProject section */

/* Begin PBXResourcesBuildPhase section */
		D93E224120031E1A0031A891 /* Resources */ = {
			isa = PBXResourcesBuildPhase;
			buildActionMask = 2147483647;
			files = (
				D93E225320031E1A0031A891 /* LaunchScreen.storyboard in Resources */,
				D93E225020031E1A0031A891 /* Assets.xcassets in Resources */,
				D93E224E20031E1A0031A891 /* Main.storyboard in Resources */,
			);
			runOnlyForDeploymentPostprocessing = 0;
		};
/* End PBXResourcesBuildPhase section */

/* Begin PBXSourcesBuildPhase section */
		D93E223F20031E1A0031A891 /* Sources */ = {
			isa = PBXSourcesBuildPhase;
			buildActionMask = 2147483647;
			files = (
				D93E224B20031E1A0031A891 /* ViewController.m in Sources */,
				D93E2267200320250031A891 /* CQUserCenterCellModel.m in Sources */,
				D93E225620031E1A0031A891 /* main.m in Sources */,
				D93E226120031E8E0031A891 /* CQUserCenterViewController.m in Sources */,
				D93E226420031EFA0031A891 /* CQUserCenterCell.m in Sources */,
				D9ACB5032004C37200EEEBE0 /* CQUserCenterCell+Util.m in Sources */,
				D93E224820031E1A0031A891 /* AppDelegate.m in Sources */,
			);
			runOnlyForDeploymentPostprocessing = 0;
		};
/* End PBXSourcesBuildPhase section */

/* Begin PBXVariantGroup section */
		D93E224C20031E1A0031A891 /* Main.storyboard */ = {
			isa = PBXVariantGroup;
			children = (
				D93E224D20031E1A0031A891 /* Base */,
			);
			name = Main.storyboard;
			sourceTree = "<group>";
		};
		D93E225120031E1A0031A891 /* LaunchScreen.storyboard */ = {
			isa = PBXVariantGroup;
			children = (
				D93E225220031E1A0031A891 /* Base */,
			);
			name = LaunchScreen.storyboard;
			sourceTree = "<group>";
		};
/* End PBXVariantGroup section */

/* Begin XCBuildConfiguration section */
		D93E225720031E1A0031A891 /* Debug */ = {
			isa = XCBuildConfiguration;
			buildSettings = {
				ALWAYS_SEARCH_USER_PATHS = NO;
				CLANG_ANALYZER_NONNULL = YES;
				CLANG_ANALYZER_NUMBER_OBJECT_CONVERSION = YES_AGGRESSIVE;
				CLANG_CXX_LANGUAGE_STANDARD = "gnu++14";
				CLANG_CXX_LIBRARY = "libc++";
				CLANG_ENABLE_MODULES = YES;
				CLANG_ENABLE_OBJC_ARC = YES;
				CLANG_WARN_BLOCK_CAPTURE_AUTORELEASING = YES;
				CLANG_WARN_BOOL_CONVERSION = YES;
				CLANG_WARN_COMMA = YES;
				CLANG_WARN_CONSTANT_CONVERSION = YES;
				CLANG_WARN_DIRECT_OBJC_ISA_USAGE = YES_ERROR;
				CLANG_WARN_DOCUMENTATION_COMMENTS = YES;
				CLANG_WARN_EMPTY_BODY = YES;
				CLANG_WARN_ENUM_CONVERSION = YES;
				CLANG_WARN_INFINITE_RECURSION = YES;
				CLANG_WARN_INT_CONVERSION = YES;
				CLANG_WARN_NON_LITERAL_NULL_CONVERSION = YES;
				CLANG_WARN_OBJC_LITERAL_CONVERSION = YES;
				CLANG_WARN_OBJC_ROOT_CLASS = YES_ERROR;
				CLANG_WARN_RANGE_LOOP_ANALYSIS = YES;
				CLANG_WARN_STRICT_PROTOTYPES = YES;
				CLANG_WARN_SUSPICIOUS_MOVE = YES;
				CLANG_WARN_UNGUARDED_AVAILABILITY = YES_AGGRESSIVE;
				CLANG_WARN_UNREACHABLE_CODE = YES;
				CLANG_WARN__DUPLICATE_METHOD_MATCH = YES;
				CODE_SIGN_IDENTITY = "iPhone Developer";
				COPY_PHASE_STRIP = NO;
				DEBUG_INFORMATION_FORMAT = dwarf;
				ENABLE_STRICT_OBJC_MSGSEND = YES;
				ENABLE_TESTABILITY = YES;
				GCC_C_LANGUAGE_STANDARD = gnu11;
				GCC_DYNAMIC_NO_PIC = NO;
				GCC_NO_COMMON_BLOCKS = YES;
				GCC_OPTIMIZATION_LEVEL = 0;
				GCC_PREPROCESSOR_DEFINITIONS = (
					"DEBUG=1",
					"$(inherited)",
				);
				GCC_WARN_64_TO_32_BIT_CONVERSION = YES;
				GCC_WARN_ABOUT_RETURN_TYPE = YES_ERROR;
				GCC_WARN_UNDECLARED_SELECTOR = YES;
				GCC_WARN_UNINITIALIZED_AUTOS = YES_AGGRESSIVE;
				GCC_WARN_UNUSED_FUNCTION = YES;
				GCC_WARN_UNUSED_VARIABLE = YES;
				IPHONEOS_DEPLOYMENT_TARGET = 11.0;
				MTL_ENABLE_DEBUG_INFO = YES;
				ONLY_ACTIVE_ARCH = YES;
				SDKROOT = iphoneos;
			};
			name = Debug;
		};
		D93E225820031E1A0031A891 /* Release */ = {
			isa = XCBuildConfiguration;
			buildSettings = {
				ALWAYS_SEARCH_USER_PATHS = NO;
				CLANG_ANALYZER_NONNULL = YES;
				CLANG_ANALYZER_NUMBER_OBJECT_CONVERSION = YES_AGGRESSIVE;
				CLANG_CXX_LANGUAGE_STANDARD = "gnu++14";
				CLANG_CXX_LIBRARY = "libc++";
				CLANG_ENABLE_MODULES = YES;
				CLANG_ENABLE_OBJC_ARC = YES;
				CLANG_WARN_BLOCK_CAPTURE_AUTORELEASING = YES;
				CLANG_WARN_BOOL_CONVERSION = YES;
				CLANG_WARN_COMMA = YES;
				CLANG_WARN_CONSTANT_CONVERSION = YES;
				CLANG_WARN_DIRECT_OBJC_ISA_USAGE = YES_ERROR;
				CLANG_WARN_DOCUMENTATION_COMMENTS = YES;
				CLANG_WARN_EMPTY_BODY = YES;
				CLANG_WARN_ENUM_CONVERSION = YES;
				CLANG_WARN_INFINITE_RECURSION = YES;
				CLANG_WARN_INT_CONVERSION = YES;
				CLANG_WARN_NON_LITERAL_NULL_CONVERSION = YES;
				CLANG_WARN_OBJC_LITERAL_CONVERSION = YES;
				CLANG_WARN_OBJC_ROOT_CLASS = YES_ERROR;
				CLANG_WARN_RANGE_LOOP_ANALYSIS = YES;
				CLANG_WARN_STRICT_PROTOTYPES = YES;
				CLANG_WARN_SUSPICIOUS_MOVE = YES;
				CLANG_WARN_UNGUARDED_AVAILABILITY = YES_AGGRESSIVE;
				CLANG_WARN_UNREACHABLE_CODE = YES;
				CLANG_WARN__DUPLICATE_METHOD_MATCH = YES;
				CODE_SIGN_IDENTITY = "iPhone Developer";
				COPY_PHASE_STRIP = NO;
				DEBUG_INFORMATION_FORMAT = "dwarf-with-dsym";
				ENABLE_NS_ASSERTIONS = NO;
				ENABLE_STRICT_OBJC_MSGSEND = YES;
				GCC_C_LANGUAGE_STANDARD = gnu11;
				GCC_NO_COMMON_BLOCKS = YES;
				GCC_WARN_64_TO_32_BIT_CONVERSION = YES;
				GCC_WARN_ABOUT_RETURN_TYPE = YES_ERROR;
				GCC_WARN_UNDECLARED_SELECTOR = YES;
				GCC_WARN_UNINITIALIZED_AUTOS = YES_AGGRESSIVE;
				GCC_WARN_UNUSED_FUNCTION = YES;
				GCC_WARN_UNUSED_VARIABLE = YES;
				IPHONEOS_DEPLOYMENT_TARGET = 11.0;
				MTL_ENABLE_DEBUG_INFO = NO;
				SDKROOT = iphoneos;
				VALIDATE_PRODUCT = YES;
			};
			name = Release;
		};
		D93E225A20031E1A0031A891 /* Debug */ = {
			isa = XCBuildConfiguration;
			buildSettings = {
				ASSETCATALOG_COMPILER_APPICON_NAME = AppIcon;
				CODE_SIGN_STYLE = Manual;
				DEVELOPMENT_TEAM = "";
				INFOPLIST_FILE = UserCenter/Info.plist;
				LD_RUNPATH_SEARCH_PATHS = "$(inherited) @executable_path/Frameworks";
				PRODUCT_BUNDLE_IDENTIFIER = KuaiJianKang.UserCenter;
				PRODUCT_NAME = "$(TARGET_NAME)";
				PROVISIONING_PROFILE_SPECIFIER = "";
				TARGETED_DEVICE_FAMILY = "1,2";
			};
			name = Debug;
		};
		D93E225B20031E1A0031A891 /* Release */ = {
			isa = XCBuildConfiguration;
			buildSettings = {
				ASSETCATALOG_COMPILER_APPICON_NAME = AppIcon;
				CODE_SIGN_STYLE = Manual;
				DEVELOPMENT_TEAM = "";
				INFOPLIST_FILE = UserCenter/Info.plist;
				LD_RUNPATH_SEARCH_PATHS = "$(inherited) @executable_path/Frameworks";
				PRODUCT_BUNDLE_IDENTIFIER = KuaiJianKang.UserCenter;
				PRODUCT_NAME = "$(TARGET_NAME)";
				PROVISIONING_PROFILE_SPECIFIER = "";
				TARGETED_DEVICE_FAMILY = "1,2";
			};
			name = Release;
		};
/* End XCBuildConfiguration section */

/* Begin XCConfigurationList section */
		D93E223E20031E1A0031A891 /* Build configuration list for PBXProject "UserCenter" */ = {
			isa = XCConfigurationList;
			buildConfigurations = (
				D93E225720031E1A0031A891 /* Debug */,
				D93E225820031E1A0031A891 /* Release */,
			);
			defaultConfigurationIsVisible = 0;
			defaultConfigurationName = Release;
		};
		D93E225920031E1A0031A891 /* Build configuration list for PBXNativeTarget "UserCenter" */ = {
			isa = XCConfigurationList;
			buildConfigurations = (
				D93E225A20031E1A0031A891 /* Debug */,
				D93E225B20031E1A0031A891 /* Release */,
			);
			defaultConfigurationIsVisible = 0;
			defaultConfigurationName = Release;
		};
/* End XCConfigurationList section */
	};
	rootObject = D93E223B20031E1A0031A891 /* Project object */;
}
